{
  "format_version": "1.1",
  "terraform_version": "1.3.7",
  "variables": {
    "tags": {
      "value": {
        "AutomationEnabled": "yes",
        "CostCenter": "Security Guild",
        "Owner": "someone@liatrio.com"
      }
    }
  },
  "planned_values": {
    "root_module": {
      "resources": [
        {
          "address": "azurerm_managed_disk.disk",
          "mode": "managed",
          "type": "azurerm_managed_disk",
          "name": "disk",
          "provider_name": "registry.terraform.io/hashicorp/azurerm",
          "schema_version": 1,
          "values": {
            "create_option": "Empty",
            "disk_access_id": null,
            "disk_encryption_set_id": null,
            "disk_size_gb": 1,
            "edge_zone": null,
            "encryption_settings": [],
            "gallery_image_reference_id": null,
            "hyper_v_generation": null,
            "image_reference_id": null,
            "location": "northcentralus",
            "name": "disk-dv-northcentralus-project-description",
            "network_access_policy": null,
            "on_demand_bursting_enabled": null,
            "os_type": null,
            "public_network_access_enabled": true,
            "resource_group_name": "r-dev-northcentralus-project-description",
            "secure_vm_disk_encryption_set_id": null,
            "security_type": null,
            "source_resource_id": null,
            "storage_account_id": null,
            "storage_account_type": "Standard_LRS",
            "tags": {
              "AutomationEnabled": "yes",
              "CostCenter": "Security Guild",
              "Owner": "someone@liatrio.com"
            },
            "timeouts": null,
            "trusted_launch_enabled": null,
            "upload_size_bytes": null,
            "zone": null
          },
          "sensitive_values": {
            "encryption_settings": [],
            "tags": {}
          }
        },
        {
          "address": "azurerm_resource_group.rg",
          "mode": "managed",
          "type": "azurerm_resource_group",
          "name": "rg",
          "provider_name": "registry.terraform.io/hashicorp/azurerm",
          "schema_version": 0,
          "values": {
            "location": "northcentralus",
            "name": "r-dev-northcentralus-project-description",
            "tags": {
              "AutomationEnabled": "yes",
              "CostCenter": "Security Guild",
              "Owner": "someone@liatrio.com"
            },
            "timeouts": null
          },
          "sensitive_values": {
            "tags": {}
          }
        },
        {
          "address": "azurerm_subnet.example",
          "mode": "managed",
          "type": "azurerm_subnet",
          "name": "example",
          "provider_name": "registry.terraform.io/hashicorp/azurerm",
          "schema_version": 0,
          "values": {
            "address_prefixes": [
              "10.0.2.0/24"
            ],
            "delegation": [],
            "name": "snet-dev-northcentralus-project",
            "resource_group_name": "r-dev-northcentralus-project-description",
            "service_endpoint_policy_ids": null,
            "service_endpoints": null,
            "timeouts": null,
            "virtual_network_name": "vnet-dev-nothcentralus-project-description"
          },
          "sensitive_values": {
            "address_prefixes": [
              false
            ],
            "delegation": []
          }
        },
        {
          "address": "azurerm_virtual_network.example",
          "mode": "managed",
          "type": "azurerm_virtual_network",
          "name": "example",
          "provider_name": "registry.terraform.io/hashicorp/azurerm",
          "schema_version": 0,
          "values": {
            "address_space": [
              "10.0.0.0/16"
            ],
            "bgp_community": null,
            "ddos_protection_plan": [],
            "edge_zone": null,
            "flow_timeout_in_minutes": null,
            "location": "northcentralus",
            "name": "vnet-dev-nothcentralus-project-description",
            "resource_group_name": "r-dev-northcentralus-project-description",
            "tags": {
              "AutomationEnabled": "yes",
              "CostCenter": "Security Guild",
              "Owner": "someone@liatrio.com"
            },
            "timeouts": null
          },
          "sensitive_values": {
            "address_space": [
              false
            ],
            "ddos_protection_plan": [],
            "dns_servers": [],
            "subnet": [],
            "tags": {}
          }
        }
      ]
    }
  },
  "resource_changes": [
    {
      "address": "azurerm_managed_disk.disk",
      "mode": "managed",
      "type": "azurerm_managed_disk",
      "name": "disk",
      "provider_name": "registry.terraform.io/hashicorp/azurerm",
      "change": {
        "actions": [
          "create"
        ],
        "before": null,
        "after": {
          "create_option": "Empty",
          "disk_access_id": null,
          "disk_encryption_set_id": null,
          "disk_size_gb": 1,
          "edge_zone": null,
          "encryption_settings": [],
          "gallery_image_reference_id": null,
          "hyper_v_generation": null,
          "image_reference_id": null,
          "location": "northcentralus",
          "name": "disk-dv-northcentralus-project-description",
          "network_access_policy": null,
          "on_demand_bursting_enabled": null,
          "os_type": null,
          "public_network_access_enabled": true,
          "resource_group_name": "r-dev-northcentralus-project-description",
          "secure_vm_disk_encryption_set_id": null,
          "security_type": null,
          "source_resource_id": null,
          "storage_account_id": null,
          "storage_account_type": "Standard_LRS",
          "tags": {
            "AutomationEnabled": "yes",
            "CostCenter": "Security Guild",
            "Owner": "someone@liatrio.com"
          },
          "timeouts": null,
          "trusted_launch_enabled": null,
          "upload_size_bytes": null,
          "zone": null
        },
        "after_unknown": {
          "disk_iops_read_only": true,
          "disk_iops_read_write": true,
          "disk_mbps_read_only": true,
          "disk_mbps_read_write": true,
          "encryption_settings": [],
          "id": true,
          "logical_sector_size": true,
          "max_shares": true,
          "source_uri": true,
          "tags": {},
          "tier": true
        },
        "before_sensitive": false,
        "after_sensitive": {
          "encryption_settings": [],
          "tags": {}
        }
      }
    },
    {
      "address": "azurerm_resource_group.rg",
      "mode": "managed",
      "type": "azurerm_resource_group",
      "name": "rg",
      "provider_name": "registry.terraform.io/hashicorp/azurerm",
      "change": {
        "actions": [
          "create"
        ],
        "before": null,
        "after": {
          "location": "northcentralus",
          "name": "r-dev-northcentralus-project-description",
          "tags": {
            "AutomationEnabled": "yes",
            "CostCenter": "Security Guild",
            "Owner": "someone@liatrio.com"
          },
          "timeouts": null
        },
        "after_unknown": {
          "id": true,
          "tags": {}
        },
        "before_sensitive": false,
        "after_sensitive": {
          "tags": {}
        }
      }
    },
    {
      "address": "azurerm_subnet.example",
      "mode": "managed",
      "type": "azurerm_subnet",
      "name": "example",
      "provider_name": "registry.terraform.io/hashicorp/azurerm",
      "change": {
        "actions": [
          "create"
        ],
        "before": null,
        "after": {
          "address_prefixes": [
            "10.0.2.0/24"
          ],
          "delegation": [],
          "name": "snet-dev-northcentralus-project",
          "resource_group_name": "r-dev-northcentralus-project-description",
          "service_endpoint_policy_ids": null,
          "service_endpoints": null,
          "timeouts": null,
          "virtual_network_name": "vnet-dev-nothcentralus-project-description"
        },
        "after_unknown": {
          "address_prefixes": [
            false
          ],
          "delegation": [],
          "enforce_private_link_endpoint_network_policies": true,
          "enforce_private_link_service_network_policies": true,
          "id": true,
          "private_endpoint_network_policies_enabled": true,
          "private_link_service_network_policies_enabled": true
        },
        "before_sensitive": false,
        "after_sensitive": {
          "address_prefixes": [
            false
          ],
          "delegation": []
        }
      }
    },
    {
      "address": "azurerm_virtual_network.example",
      "mode": "managed",
      "type": "azurerm_virtual_network",
      "name": "example",
      "provider_name": "registry.terraform.io/hashicorp/azurerm",
      "change": {
        "actions": [
          "create"
        ],
        "before": null,
        "after": {
          "address_space": [
            "10.0.0.0/16"
          ],
          "bgp_community": null,
          "ddos_protection_plan": [],
          "edge_zone": null,
          "flow_timeout_in_minutes": null,
          "location": "northcentralus",
          "name": "vnet-dev-nothcentralus-project-description",
          "resource_group_name": "r-dev-northcentralus-project-description",
          "tags": {
            "AutomationEnabled": "yes",
            "CostCenter": "Security Guild",
            "Owner": "someone@liatrio.com"
          },
          "timeouts": null
        },
        "after_unknown": {
          "address_space": [
            false
          ],
          "ddos_protection_plan": [],
          "dns_servers": true,
          "guid": true,
          "id": true,
          "subnet": true,
          "tags": {}
        },
        "before_sensitive": false,
        "after_sensitive": {
          "address_space": [
            false
          ],
          "ddos_protection_plan": [],
          "dns_servers": [],
          "subnet": [],
          "tags": {}
        }
      }
    }
  ],
  "configuration": {
    "provider_config": {
      "azurerm": {
        "name": "azurerm",
        "full_name": "registry.terraform.io/hashicorp/azurerm",
        "version_constraint": ">= 3.19.1",
        "expressions": {
          "features": [
            {}
          ]
        }
      }
    },
    "root_module": {
      "resources": [
        {
          "address": "azurerm_managed_disk.disk",
          "mode": "managed",
          "type": "azurerm_managed_disk",
          "name": "disk",
          "provider_config_key": "azurerm",
          "expressions": {
            "create_option": {
              "constant_value": "Empty"
            },
            "disk_size_gb": {
              "constant_value": "1"
            },
            "location": {
              "references": [
                "azurerm_resource_group.rg.location",
                "azurerm_resource_group.rg"
              ]
            },
            "name": {
              "constant_value": "disk-dv-northcentralus-project-description"
            },
            "resource_group_name": {
              "references": [
                "azurerm_resource_group.rg.name",
                "azurerm_resource_group.rg"
              ]
            },
            "storage_account_type": {
              "constant_value": "Standard_LRS"
            },
            "tags": {
              "references": [
                "var.tags"
              ]
            }
          },
          "schema_version": 1
        },
        {
          "address": "azurerm_resource_group.rg",
          "mode": "managed",
          "type": "azurerm_resource_group",
          "name": "rg",
          "provider_config_key": "azurerm",
          "expressions": {
            "location": {
              "constant_value": "northcentralus"
            },
            "name": {
              "constant_value": "r-dev-northcentralus-project-description"
            },
            "tags": {
              "references": [
                "var.tags"
              ]
            }
          },
          "schema_version": 0
        },
        {
          "address": "azurerm_subnet.example",
          "mode": "managed",
          "type": "azurerm_subnet",
          "name": "example",
          "provider_config_key": "azurerm",
          "expressions": {
            "address_prefixes": {
              "constant_value": [
                "10.0.2.0/24"
              ]
            },
            "name": {
              "constant_value": "snet-dev-northcentralus-project"
            },
            "resource_group_name": {
              "references": [
                "azurerm_resource_group.rg.name",
                "azurerm_resource_group.rg"
              ]
            },
            "virtual_network_name": {
              "references": [
                "azurerm_virtual_network.example.name",
                "azurerm_virtual_network.example"
              ]
            }
          },
          "schema_version": 0
        },
        {
          "address": "azurerm_virtual_network.example",
          "mode": "managed",
          "type": "azurerm_virtual_network",
          "name": "example",
          "provider_config_key": "azurerm",
          "expressions": {
            "address_space": {
              "constant_value": [
                "10.0.0.0/16"
              ]
            },
            "location": {
              "references": [
                "azurerm_resource_group.rg.location",
                "azurerm_resource_group.rg"
              ]
            },
            "name": {
              "constant_value": "vnet-dev-nothcentralus-project-description"
            },
            "resource_group_name": {
              "references": [
                "azurerm_resource_group.rg.name",
                "azurerm_resource_group.rg"
              ]
            },
            "tags": {
              "references": [
                "var.tags"
              ]
            }
          },
          "schema_version": 0
        }
      ],
      "variables": {
        "tags": {
          "description": "The Tags"
        }
      }
    }
  },
  "relevant_attributes": [
    {
      "resource": "azurerm_resource_group.rg",
      "attribute": [
        "location"
      ]
    },
    {
      "resource": "azurerm_resource_group.rg",
      "attribute": [
        "name"
      ]
    },
    {
      "resource": "azurerm_virtual_network.example",
      "attribute": [
        "name"
      ]
    }
  ]
}
